
Microsoft Visual Studio Solution File, Format Version 12.00
# Visual Studio Version 17
VisualStudioVersion = 17.10.35013.160
MinimumVisualStudioVersion = 10.0.40219.1
Project("{FAE04EC0-301F-11D3-BF4B-00C04F79EFBC}") = "Estonia", "Estonia.csproj", "{0519E285-2C16-4067-9DAA-2B6B8A019EEC}"
EndProject
Global
	GlobalSection(SolutionConfigurationPlatforms) = preSolution
		Debug|Any CPU = Debug|Any CPU
		Release|Any CPU = Release|Any CPU
	EndGlobalSection
	GlobalSection(ProjectConfigurationPlatforms) = postSolution
		{0519E285-2C16-4067-9DAA-2B6B8A019EEC}.Debug|Any CPU.ActiveCfg = Debug|Any CPU
		{0519E285-2C16-4067-9DAA-2B6B8A019EEC}.Debug|Any CPU.Build.0 = Debug|Any CPU
		{0519E285-2C16-4067-9DAA-2B6B8A019EEC}.Release|Any CPU.ActiveCfg = Release|Any CPU
		{0519E285-2C16-4067-9DAA-2B6B8A019EEC}.Release|Any CPU.Build.0 = Release|Any CPU
	EndGlobalSection
	GlobalSection(SolutionProperties) = preSolution
		HideSolutionNode = FALSE
	EndGlobalSection
	GlobalSection(ExtensibilityGlobals) = postSolution
		SolutionGuid = {7A654366-0C18-450C-BCFA-DD04046C8550}
	EndGlobalSection
EndGlobal
